// !$*UTF8*$!
{
	archiveVersion = 1;
	classes = {
	};
	objectVersion = 55;
	objects = {

/* Begin PBXBuildFile section */
		0A453F2927597D3C00536336 /* AppDelegate.swift in Sources */ = {isa = PBXBuildFile; fileRef = 0A453F2827597D3C00536336 /* AppDelegate.swift */; };
		0A453F2B27597D3C00536336 /* SceneDelegate.swift in Sources */ = {isa = PBXBuildFile; fileRef = 0A453F2A27597D3C00536336 /* SceneDelegate.swift */; };
		0A453F2D27597D3C00536336 /* ViewController.swift in Sources */ = {isa = PBXBuildFile; fileRef = 0A453F2C27597D3C00536336 /* ViewController.swift */; };
		0A453F3027597D3C00536336 /* Main.storyboard in Resources */ = {isa = PBXBuildFile; fileRef = 0A453F2E27597D3C00536336 /* Main.storyboard */; };
		0A453F3227597D3D00536336 /* Assets.xcassets in Resources */ = {isa = PBXBuildFile; fileRef = 0A453F3127597D3D00536336 /* Assets.xcassets */; };
		0A453F3527597D3D00536336 /* LaunchScreen.storyboard in Resources */ = {isa = PBXBuildFile; fileRef = 0A453F3327597D3D00536336 /* LaunchScreen.storyboard */; };
		0A453F3D27597D7900536336 /* GoogleService-Info.plist in Resources */ = {isa = PBXBuildFile; fileRef = 0A453F3C27597D7900536336 /* GoogleService-Info.plist */; };
		0A453F3F275A400E00536336 /* FeedViewController.swift in Sources */ = {isa = PBXBuildFile; fileRef = 0A453F3E275A400E00536336 /* FeedViewController.swift */; };
		0A453F41275A402A00536336 /* UploadViewController.swift in Sources */ = {isa = PBXBuildFile; fileRef = 0A453F40275A402A00536336 /* UploadViewController.swift */; };
		0A453F43275A403A00536336 /* SettingsViewController.swift in Sources */ = {isa = PBXBuildFile; fileRef = 0A453F42275A403A00536336 /* SettingsViewController.swift */; };
		0A453F45275AC96C00536336 /* FeedCell.swift in Sources */ = {isa = PBXBuildFile; fileRef = 0A453F44275AC96C00536336 /* FeedCell.swift */; };
		0A7B413E275B076700AA8AD6 /* Post.swift in Sources */ = {isa = PBXBuildFile; fileRef = 0A7B413D275B076700AA8AD6 /* Post.swift */; };
		76EF3B8C3C3817C8E60EE941 /* Pods_PhotoShareAppFirebase.framework in Frameworks */ = {isa = PBXBuildFile; fileRef = E2C535AFE016DE675697690B /* Pods_PhotoShareAppFirebase.framework */; };
/* End PBXBuildFile section */

/* Begin PBXFileReference section */
		0A453F2527597D3C00536336 /* PhotoShareAppFirebase.app */ = {isa = PBXFileReference; explicitFileType = wrapper.application; includeInIndex = 0; path = PhotoShareAppFirebase.app; sourceTree = BUILT_PRODUCTS_DIR; };
		0A453F2827597D3C00536336 /* AppDelegate.swift */ = {isa = PBXFileReference; lastKnownFileType = sourcecode.swift; path = AppDelegate.swift; sourceTree = "<group>"; };
		0A453F2A27597D3C00536336 /* SceneDelegate.swift */ = {isa = PBXFileReference; lastKnownFileType = sourcecode.swift; path = SceneDelegate.swift; sourceTree = "<group>"; };
		0A453F2C27597D3C00536336 /* ViewController.swift */ = {isa = PBXFileReference; lastKnownFileType = sourcecode.swift; path = ViewController.swift; sourceTree = "<group>"; };
		0A453F2F27597D3C00536336 /* Base */ = {isa = PBXFileReference; lastKnownFileType = file.storyboard; name = Base; path = Base.lproj/Main.storyboard; sourceTree = "<group>"; };
		0A453F3127597D3D00536336 /* Assets.xcassets */ = {isa = PBXFileReference; lastKnownFileType = folder.assetcatalog; path = Assets.xcassets; sourceTree = "<group>"; };
		0A453F3427597D3D00536336 /* Base */ = {isa = PBXFileReference; lastKnownFileType = file.storyboard; name = Base; path = Base.lproj/LaunchScreen.storyboard; sourceTree = "<group>"; };
		0A453F3627597D3D00536336 /* Info.plist */ = {isa = PBXFileReference; lastKnownFileType = text.plist.xml; path = Info.plist; sourceTree = "<group>"; };
		0A453F3C27597D7900536336 /* GoogleService-Info.plist */ = {isa = PBXFileReference; fileEncoding = 4; lastKnownFileType = text.plist.xml; path = "GoogleService-Info.plist"; sourceTree = "<group>"; };
		0A453F3E275A400E00536336 /* FeedViewController.swift */ = {isa = PBXFileReference; lastKnownFileType = sourcecode.swift; path = FeedViewController.swift; sourceTree = "<group>"; };
		0A453F40275A402A00536336 /* UploadViewController.swift */ = {isa = PBXFileReference; lastKnownFileType = sourcecode.swift; path = UploadViewController.swift; sourceTree = "<group>"; };
		0A453F42275A403A00536336 /* SettingsViewController.swift */ = {isa = PBXFileReference; lastKnownFileType = sourcecode.swift; path = SettingsViewController.swift; sourceTree = "<group>"; };
		0A453F44275AC96C00536336 /* FeedCell.swift */ = {isa = PBXFileReference; lastKnownFileType = sourcecode.swift; path = FeedCell.swift; sourceTree = "<group>"; };
		0A7B413D275B076700AA8AD6 /* Post.swift */ = {isa = PBXFileReference; lastKnownFileType = sourcecode.swift; path = Post.swift; sourceTree = "<group>"; };
		1A6288F5076F31A3F3475A1F /* Pods-PhotoShareAppFirebase.debug.xcconfig */ = {isa = PBXFileReference; includeInIndex = 1; lastKnownFileType = text.xcconfig; name = "Pods-PhotoShareAppFirebase.debug.xcconfig"; path = "Target Support Files/Pods-PhotoShareAppFirebase/Pods-PhotoShareAppFirebase.debug.xcconfig"; sourceTree = "<group>"; };
		C0D1931C8020AC48C226CE39 /* Pods-PhotoShareAppFirebase.release.xcconfig */ = {isa = PBXFileReference; includeInIndex = 1; lastKnownFileType = text.xcconfig; name = "Pods-PhotoShareAppFirebase.release.xcconfig"; path = "Target Support Files/Pods-PhotoShareAppFirebase/Pods-PhotoShareAppFirebase.release.xcconfig"; sourceTree = "<group>"; };
		E2C535AFE016DE675697690B /* Pods_PhotoShareAppFirebase.framework */ = {isa = PBXFileReference; explicitFileType = wrapper.framework; includeInIndex = 0; path = Pods_PhotoShareAppFirebase.framework; sourceTree = BUILT_PRODUCTS_DIR; };
/* End PBXFileReference section */

/* Begin PBXFrameworksBuildPhase section */
		0A453F2227597D3C00536336 /* Frameworks */ = {
			isa = PBXFrameworksBuildPhase;
			buildActionMask = 2147483647;
			files = (
				76EF3B8C3C3817C8E60EE941 /* Pods_PhotoShareAppFirebase.framework in Frameworks */,
			);
			runOnlyForDeploymentPostprocessing = 0;
		};
/* End PBXFrameworksBuildPhase section */

/* Begin PBXGroup section */
		0A453F1C27597D3C00536336 = {
			isa = PBXGroup;
			children = (
				0A453F2727597D3C00536336 /* PhotoShareAppFirebase */,
				0A453F2627597D3C00536336 /* Products */,
				5AAF14C168F9EEF5AB841929 /* Pods */,
				76473163B0A3A08366F68831 /* Frameworks */,
			);
			sourceTree = "<group>";
		};
		0A453F2627597D3C00536336 /* Products */ = {
			isa = PBXGroup;
			children = (
				0A453F2527597D3C00536336 /* PhotoShareAppFirebase.app */,
			);
			name = Products;
			sourceTree = "<group>";
		};
		0A453F2727597D3C00536336 /* PhotoShareAppFirebase */ = {
			isa = PBXGroup;
			children = (
				0A453F2827597D3C00536336 /* AppDelegate.swift */,
				0A453F2A27597D3C00536336 /* SceneDelegate.swift */,
				0A453F2C27597D3C00536336 /* ViewController.swift */,
				0A453F2E27597D3C00536336 /* Main.storyboard */,
				0A453F3127597D3D00536336 /* Assets.xcassets */,
				0A453F3327597D3D00536336 /* LaunchScreen.storyboard */,
				0A453F3627597D3D00536336 /* Info.plist */,
				0A453F3C27597D7900536336 /* GoogleService-Info.plist */,
				0A453F3E275A400E00536336 /* FeedViewController.swift */,
				0A453F40275A402A00536336 /* UploadViewController.swift */,
				0A453F42275A403A00536336 /* SettingsViewController.swift */,
				0A453F44275AC96C00536336 /* FeedCell.swift */,
				0A7B413D275B076700AA8AD6 /* Post.swift */,
			);
			path = PhotoShareAppFirebase;
			sourceTree = "<group>";
		};
		5AAF14C168F9EEF5AB841929 /* Pods */ = {
			isa = PBXGroup;
			children = (
				1A6288F5076F31A3F3475A1F /* Pods-PhotoShareAppFirebase.debug.xcconfig */,
				C0D1931C8020AC48C226CE39 /* Pods-PhotoShareAppFirebase.release.xcconfig */,
			);
			path = Pods;
			sourceTree = "<group>";
		};
		76473163B0A3A08366F68831 /* Frameworks */ = {
			isa = PBXGroup;
			children = (
				E2C535AFE016DE675697690B /* Pods_PhotoShareAppFirebase.framework */,
			);
			name = Frameworks;
			sourceTree = "<group>";
		};
/* End PBXGroup section */

/* Begin PBXNativeTarget section */
		0A453F2427597D3C00536336 /* PhotoShareAppFirebase */ = {
			isa = PBXNativeTarget;
			buildConfigurationList = 0A453F3927597D3D00536336 /* Build configuration list for PBXNativeTarget "PhotoShareAppFirebase" */;
			buildPhases = (
				4C24618938208823CFDA5E6A /* [CP] Check Pods Manifest.lock */,
				0A453F2127597D3C00536336 /* Sources */,
				0A453F2227597D3C00536336 /* Frameworks */,
				0A453F2327597D3C00536336 /* Resources */,
				6E1CD0AA5F30CA8C8F9CD259 /* [CP] Embed Pods Frameworks */,
			);
			buildRules = (
			);
			dependencies = (
			);
			name = PhotoShareAppFirebase;
			productName = PhotoShareAppFirebase;
			productReference = 0A453F2527597D3C00536336 /* PhotoShareAppFirebase.app */;
			productType = "com.apple.product-type.application";
		};
/* End PBXNativeTarget section */

/* Begin PBXProject section */
		0A453F1D27597D3C00536336 /* Project object */ = {
			isa = PBXProject;
			attributes = {
				BuildIndependentTargetsInParallel = 1;
				LastSwiftUpdateCheck = 1310;
				LastUpgradeCheck = 1310;
				TargetAttributes = {
					0A453F2427597D3C00536336 = {
						CreatedOnToolsVersion = 13.1;
					};
				};
			};
			buildConfigurationList = 0A453F2027597D3C00536336 /* Build configuration list for PBXProject "PhotoShareAppFirebase" */;
			compatibilityVersion = "Xcode 13.0";
			developmentRegion = en;
			hasScannedForEncodings = 0;
			knownRegions = (
				en,
				Base,
			);
			mainGroup = 0A453F1C27597D3C00536336;
			productRefGroup = 0A453F2627597D3C00536336 /* Products */;
			projectDirPath = "";
			projectRoot = "";
			targets = (
				0A453F2427597D3C00536336 /* PhotoShareAppFirebase */,
			);
		};
/* End PBXProject section */

/* Begin PBXResourcesBuildPhase section */
		0A453F2327597D3C00536336 /* Resources */ = {
			isa = PBXResourcesBuildPhase;
			buildActionMask = 2147483647;
			files = (
				0A453F3527597D3D00536336 /* LaunchScreen.storyboard in Resources */,
				0A453F3D27597D7900536336 /* GoogleService-Info.plist in Resources */,
				0A453F3227597D3D00536336 /* Assets.xcassets in Resources */,
				0A453F3027597D3C00536336 /* Main.storyboard in Resources */,
			);
			runOnlyForDeploymentPostprocessing = 0;
		};
/* End PBXResourcesBuildPhase section */

/* Begin PBXShellScriptBuildPhase section */
		4C24618938208823CFDA5E6A /* [CP] Check Pods Manifest.lock */ = {
			isa = PBXShellScriptBuildPhase;
			buildActionMask = 2147483647;
			files = (
			);
			inputFileListPaths = (
			);
			inputPaths = (
				"${PODS_PODFILE_DIR_PATH}/Podfile.lock",
				"${PODS_ROOT}/Manifest.lock",
			);
			name = "[CP] Check Pods Manifest.lock";
			outputFileListPaths = (
			);
			outputPaths = (
				"$(DERIVED_FILE_DIR)/Pods-PhotoShareAppFirebase-checkManifestLockResult.txt",
			);
			runOnlyForDeploymentPostprocessing = 0;
			shellPath = /bin/sh;
			shellScript = "diff \"${PODS_PODFILE_DIR_PATH}/Podfile.lock\" \"${PODS_ROOT}/Manifest.lock\" > /dev/null\nif [ $? != 0 ] ; then\n    # print error to STDERR\n    echo \"error: The sandbox is not in sync with the Podfile.lock. Run 'pod install' or update your CocoaPods installation.\" >&2\n    exit 1\nfi\n# This output is used by Xcode 'outputs' to avoid re-running this script phase.\necho \"SUCCESS\" > \"${SCRIPT_OUTPUT_FILE_0}\"\n";
			showEnvVarsInLog = 0;
		};
		6E1CD0AA5F30CA8C8F9CD259 /* [CP] Embed Pods Frameworks */ = {
			isa = PBXShellScriptBuildPhase;
			buildActionMask = 2147483647;
			files = (
			);
			inputFileListPaths = (
				"${PODS_ROOT}/Target Support Files/Pods-PhotoShareAppFirebase/Pods-PhotoShareAppFirebase-frameworks-${CONFIGURATION}-input-files.xcfilelist",
			);
			name = "[CP] Embed Pods Frameworks";
			outputFileListPaths = (
				"${PODS_ROOT}/Target Support Files/Pods-PhotoShareAppFirebase/Pods-PhotoShareAppFirebase-frameworks-${CONFIGURATION}-output-files.xcfilelist",
			);
			runOnlyForDeploymentPostprocessing = 0;
			shellPath = /bin/sh;
			shellScript = "\"${PODS_ROOT}/Target Support Files/Pods-PhotoShareAppFirebase/Pods-PhotoShareAppFirebase-frameworks.sh\"\n";
			showEnvVarsInLog = 0;
		};
/* End PBXShellScriptBuildPhase section */

/* Begin PBXSourcesBuildPhase section */
		0A453F2127597D3C00536336 /* Sources */ = {
			isa = PBXSourcesBuildPhase;
			buildActionMask = 2147483647;
			files = (
				0A453F45275AC96C00536336 /* FeedCell.swift in Sources */,
				0A453F2D27597D3C00536336 /* ViewController.swift in Sources */,
				0A453F41275A402A00536336 /* UploadViewController.swift in Sources */,
				0A7B413E275B076700AA8AD6 /* Post.swift in Sources */,
				0A453F2927597D3C00536336 /* AppDelegate.swift in Sources */,
				0A453F3F275A400E00536336 /* FeedViewController.swift in Sources */,
				0A453F2B27597D3C00536336 /* SceneDelegate.swift in Sources */,
				0A453F43275A403A00536336 /* SettingsViewController.swift in Sources */,
			);
			runOnlyForDeploymentPostprocessing = 0;
		};
/* End PBXSourcesBuildPhase section */

/* Begin PBXVariantGroup section */
		0A453F2E27597D3C00536336 /* Main.storyboard */ = {
			isa = PBXVariantGroup;
			children = (
				0A453F2F27597D3C00536336 /* Base */,
			);
			name = Main.storyboard;
			sourceTree = "<group>";
		};
		0A453F3327597D3D00536336 /* LaunchScreen.storyboard */ = {
			isa = PBXVariantGroup;
			children = (
				0A453F3427597D3D00536336 /* Base */,
			);
			name = LaunchScreen.storyboard;
			sourceTree = "<group>";
		};
/* End PBXVariantGroup section */

/* Begin XCBuildConfiguration section */
		0A453F3727597D3D00536336 /* Debug */ = {
			isa = XCBuildConfiguration;
			buildSettings = {
				ALWAYS_SEARCH_USER_PATHS = NO;
				CLANG_ANALYZER_NONNULL = YES;
				CLANG_ANALYZER_NUMBER_OBJECT_CONVERSION = YES_AGGRESSIVE;
				CLANG_CXX_LANGUAGE_STANDARD = "gnu++17";
				CLANG_CXX_LIBRARY = "libc++";
				CLANG_ENABLE_MODULES = YES;
				CLANG_ENABLE_OBJC_ARC = YES;
				CLANG_ENABLE_OBJC_WEAK = YES;
				CLANG_WARN_BLOCK_CAPTURE_AUTORELEASING = YES;
				CLANG_WARN_BOOL_CONVERSION = YES;
				CLANG_WARN_COMMA = YES;
				CLANG_WARN_CONSTANT_CONVERSION = YES;
				CLANG_WARN_DEPRECATED_OBJC_IMPLEMENTATIONS = YES;
				CLANG_WARN_DIRECT_OBJC_ISA_USAGE = YES_ERROR;
				CLANG_WARN_DOCUMENTATION_COMMENTS = YES;
				CLANG_WARN_EMPTY_BODY = YES;
				CLANG_WARN_ENUM_CONVERSION = YES;
				CLANG_WARN_INFINITE_RECURSION = YES;
				CLANG_WARN_INT_CONVERSION = YES;
				CLANG_WARN_NON_LITERAL_NULL_CONVERSION = YES;
				CLANG_WARN_OBJC_IMPLICIT_RETAIN_SELF = YES;
				CLANG_WARN_OBJC_LITERAL_CONVERSION = YES;
				CLANG_WARN_OBJC_ROOT_CLASS = YES_ERROR;
				CLANG_WARN_QUOTED_INCLUDE_IN_FRAMEWORK_HEADER = YES;
				CLANG_WARN_RANGE_LOOP_ANALYSIS = YES;
				CLANG_WARN_STRICT_PROTOTYPES = YES;
				CLANG_WARN_SUSPICIOUS_MOVE = YES;
				CLANG_WARN_UNGUARDED_AVAILABILITY = YES_AGGRESSIVE;
				CLANG_WARN_UNREACHABLE_CODE = YES;
				CLANG_WARN__DUPLICATE_METHOD_MATCH = YES;
				COPY_PHASE_STRIP = NO;
				DEBUG_INFORMATION_FORMAT = dwarf;
				ENABLE_STRICT_OBJC_MSGSEND = YES;
				ENABLE_TESTABILITY = YES;
				GCC_C_LANGUAGE_STANDARD = gnu11;
				GCC_DYNAMIC_NO_PIC = NO;
				GCC_NO_COMMON_BLOCKS = YES;
				GCC_OPTIMIZATION_LEVEL = 0;
				GCC_PREPROCESSOR_DEFINITIONS = (
					"DEBUG=1",
					"$(inherited)",
				);
				GCC_WARN_64_TO_32_BIT_CONVERSION = YES;
				GCC_WARN_ABOUT_RETURN_TYPE = YES_ERROR;
				GCC_WARN_UNDECLARED_SELECTOR = YES;
				GCC_WARN_UNINITIALIZED_AUTOS = YES_AGGRESSIVE;
				GCC_WARN_UNUSED_FUNCTION = YES;
				GCC_WARN_UNUSED_VARIABLE = YES;
				IPHONEOS_DEPLOYMENT_TARGET = 15.0;
				MTL_ENABLE_DEBUG_INFO = INCLUDE_SOURCE;
				MTL_FAST_MATH = YES;
				ONLY_ACTIVE_ARCH = YES;
				SDKROOT = iphoneos;
				SWIFT_ACTIVE_COMPILATION_CONDITIONS = DEBUG;
				SWIFT_OPTIMIZATION_LEVEL = "-Onone";
			};
			name = Debug;
		};
		0A453F3827597D3D00536336 /* Release */ = {
			isa = XCBuildConfiguration;
			buildSettings = {
				ALWAYS_SEARCH_USER_PATHS = NO;
				CLANG_ANALYZER_NONNULL = YES;
				CLANG_ANALYZER_NUMBER_OBJECT_CONVERSION = YES_AGGRESSIVE;
				CLANG_CXX_LANGUAGE_STANDARD = "gnu++17";
				CLANG_CXX_LIBRARY = "libc++";
				CLANG_ENABLE_MODULES = YES;
				CLANG_ENABLE_OBJC_ARC = YES;
				CLANG_ENABLE_OBJC_WEAK = YES;
				CLANG_WARN_BLOCK_CAPTURE_AUTORELEASING = YES;
				CLANG_WARN_BOOL_CONVERSION = YES;
				CLANG_WARN_COMMA = YES;
				CLANG_WARN_CONSTANT_CONVERSION = YES;
				CLANG_WARN_DEPRECATED_OBJC_IMPLEMENTATIONS = YES;
				CLANG_WARN_DIRECT_OBJC_ISA_USAGE = YES_ERROR;
				CLANG_WARN_DOCUMENTATION_COMMENTS = YES;
				CLANG_WARN_EMPTY_BODY = YES;
				CLANG_WARN_ENUM_CONVERSION = YES;
				CLANG_WARN_INFINITE_RECURSION = YES;
				CLANG_WARN_INT_CONVERSION = YES;
				CLANG_WARN_NON_LITERAL_NULL_CONVERSION = YES;
				CLANG_WARN_OBJC_IMPLICIT_RETAIN_SELF = YES;
				CLANG_WARN_OBJC_LITERAL_CONVERSION = YES;
				CLANG_WARN_OBJC_ROOT_CLASS = YES_ERROR;
				CLANG_WARN_QUOTED_INCLUDE_IN_FRAMEWORK_HEADER = YES;
				CLANG_WARN_RANGE_LOOP_ANALYSIS = YES;
				CLANG_WARN_STRICT_PROTOTYPES = YES;
				CLANG_WARN_SUSPICIOUS_MOVE = YES;
				CLANG_WARN_UNGUARDED_AVAILABILITY = YES_AGGRESSIVE;
				CLANG_WARN_UNREACHABLE_CODE = YES;
				CLANG_WARN__DUPLICATE_METHOD_MATCH = YES;
				COPY_PHASE_STRIP = NO;
				DEBUG_INFORMATION_FORMAT = "dwarf-with-dsym";
				ENABLE_NS_ASSERTIONS = NO;
				ENABLE_STRICT_OBJC_MSGSEND = YES;
				GCC_C_LANGUAGE_STANDARD = gnu11;
				GCC_NO_COMMON_BLOCKS = YES;
				GCC_WARN_64_TO_32_BIT_CONVERSION = YES;
				GCC_WARN_ABOUT_RETURN_TYPE = YES_ERROR;
				GCC_WARN_UNDECLARED_SELECTOR = YES;
				GCC_WARN_UNINITIALIZED_AUTOS = YES_AGGRESSIVE;
				GCC_WARN_UNUSED_FUNCTION = YES;
				GCC_WARN_UNUSED_VARIABLE = YES;
				IPHONEOS_DEPLOYMENT_TARGET = 15.0;
				MTL_ENABLE_DEBUG_INFO = NO;
				MTL_FAST_MATH = YES;
				SDKROOT = iphoneos;
				SWIFT_COMPILATION_MODE = wholemodule;
				SWIFT_OPTIMIZATION_LEVEL = "-O";
				VALIDATE_PRODUCT = YES;
			};
			name = Release;
		};
		0A453F3A27597D3D00536336 /* Debug */ = {
			isa = XCBuildConfiguration;
			baseConfigurationReference = 1A6288F5076F31A3F3475A1F /* Pods-PhotoShareAppFirebase.debug.xcconfig */;
			buildSettings = {
				ASSETCATALOG_COMPILER_APPICON_NAME = AppIcon;
				ASSETCATALOG_COMPILER_GLOBAL_ACCENT_COLOR_NAME = AccentColor;
				CODE_SIGN_STYLE = Automatic;
				CURRENT_PROJECT_VERSION = 1;
				DEVELOPMENT_TEAM = SHMD75K85D;
				GENERATE_INFOPLIST_FILE = YES;
				INFOPLIST_FILE = PhotoShareAppFirebase/Info.plist;
				INFOPLIST_KEY_UIApplicationSupportsIndirectInputEvents = YES;
				INFOPLIST_KEY_UILaunchStoryboardName = LaunchScreen;
				INFOPLIST_KEY_UIMainStoryboardFile = Main;
				INFOPLIST_KEY_UISupportedInterfaceOrientations_iPad = "UIInterfaceOrientationPortrait UIInterfaceOrientationPortraitUpsideDown UIInterfaceOrientationLandscapeLeft UIInterfaceOrientationLandscapeRight";
				INFOPLIST_KEY_UISupportedInterfaceOrientations_iPhone = "UIInterfaceOrientationPortrait UIInterfaceOrientationLandscapeLeft UIInterfaceOrientationLandscapeRight";
				LD_RUNPATH_SEARCH_PATHS = (
					"$(inherited)",
					"@executable_path/Frameworks",
				);
				MARKETING_VERSION = 1.0;
				PRODUCT_BUNDLE_IDENTIFIER = com.ibrahimdemirci.PhotoShareAppFirebase;
				PRODUCT_NAME = "$(TARGET_NAME)";
				SWIFT_EMIT_LOC_STRINGS = YES;
				SWIFT_VERSION = 5.0;
				TARGETED_DEVICE_FAMILY = "1,2";
			};
			name = Debug;
		};
		0A453F3B27597D3D00536336 /* Release */ = {
			isa = XCBuildConfiguration;
			baseConfigurationReference = C0D1931C8020AC48C226CE39 /* Pods-PhotoShareAppFirebase.release.xcconfig */;
			buildSettings = {
				ASSETCATALOG_COMPILER_APPICON_NAME = AppIcon;
				ASSETCATALOG_COMPILER_GLOBAL_ACCENT_COLOR_NAME = AccentColor;
				CODE_SIGN_STYLE = Automatic;
				CURRENT_PROJECT_VERSION = 1;
				DEVELOPMENT_TEAM = SHMD75K85D;
				GENERATE_INFOPLIST_FILE = YES;
				INFOPLIST_FILE = PhotoShareAppFirebase/Info.plist;
				INFOPLIST_KEY_UIApplicationSupportsIndirectInputEvents = YES;
				INFOPLIST_KEY_UILaunchStoryboardName = LaunchScreen;
				INFOPLIST_KEY_UIMainStoryboardFile = Main;
				INFOPLIST_KEY_UISupportedInterfaceOrientations_iPad = "UIInterfaceOrientationPortrait UIInterfaceOrientationPortraitUpsideDown UIInterfaceOrientationLandscapeLeft UIInterfaceOrientationLandscapeRight";
				INFOPLIST_KEY_UISupportedInterfaceOrientations_iPhone = "UIInterfaceOrientationPortrait UIInterfaceOrientationLandscapeLeft UIInterfaceOrientationLandscapeRight";
				LD_RUNPATH_SEARCH_PATHS = (
					"$(inherited)",
					"@executable_path/Frameworks",
				);
				MARKETING_VERSION = 1.0;
				PRODUCT_BUNDLE_IDENTIFIER = com.ibrahimdemirci.PhotoShareAppFirebase;
				PRODUCT_NAME = "$(TARGET_NAME)";
				SWIFT_EMIT_LOC_STRINGS = YES;
				SWIFT_VERSION = 5.0;
				TARGETED_DEVICE_FAMILY = "1,2";
			};
			name = Release;
		};
/* End XCBuildConfiguration section */

/* Begin XCConfigurationList section */
		0A453F2027597D3C00536336 /* Build configuration list for PBXProject "PhotoShareAppFirebase" */ = {
			isa = XCConfigurationList;
			buildConfigurations = (
				0A453F3727597D3D00536336 /* Debug */,
				0A453F3827597D3D00536336 /* Release */,
			);
			defaultConfigurationIsVisible = 0;
			defaultConfigurationName = Release;
		};
		0A453F3927597D3D00536336 /* Build configuration list for PBXNativeTarget "PhotoShareAppFirebase" */ = {
			isa = XCConfigurationList;
			buildConfigurations = (
				0A453F3A27597D3D00536336 /* Debug */,
				0A453F3B27597D3D00536336 /* Release */,
			);
			defaultConfigurationIsVisible = 0;
			defaultConfigurationName = Release;
		};
/* End XCConfigurationList section */
	};
	rootObject = 0A453F1D27597D3C00536336 /* Project object */;
}
